
Microsoft Visual Studio Solution File, Format Version 12.00
# Visual Studio 2015
Project("{FAE04EC0-301F-11D3-BF4B-00C04F79EFBC}") = "crashtest", "crashtest.csproj", "{68CC4A1C-1519-5C46-244C-17FB1EE7476A}"
EndProject
Project("{FAE04EC0-301F-11D3-BF4B-00C04F79EFBC}") = "crashtest.Editor.Plugins", "crashtest.Editor.Plugins.csproj", "{B992098B-F505-3EB6-566E-DCD5DF027165}"
EndProject
Global
	GlobalSection(SolutionConfigurationPlatforms) = preSolution
		Debug|Any CPU = Debug|Any CPU
		Release|Any CPU = Release|Any CPU
	EndGlobalSection
	GlobalSection(ProjectConfigurationPlatforms) = postSolution
		{68CC4A1C-1519-5C46-244C-17FB1EE7476A}.Debug|Any CPU.ActiveCfg = Debug|Any CPU
		{68CC4A1C-1519-5C46-244C-17FB1EE7476A}.Debug|Any CPU.Build.0 = Debug|Any CPU
		{68CC4A1C-1519-5C46-244C-17FB1EE7476A}.Release|Any CPU.ActiveCfg = Release|Any CPU
		{68CC4A1C-1519-5C46-244C-17FB1EE7476A}.Release|Any CPU.Build.0 = Release|Any CPU
		{B992098B-F505-3EB6-566E-DCD5DF027165}.Debug|Any CPU.ActiveCfg = Debug|Any CPU
		{B992098B-F505-3EB6-566E-DCD5DF027165}.Debug|Any CPU.Build.0 = Debug|Any CPU
		{B992098B-F505-3EB6-566E-DCD5DF027165}.Release|Any CPU.ActiveCfg = Release|Any CPU
		{B992098B-F505-3EB6-566E-DCD5DF027165}.Release|Any CPU.Build.0 = Release|Any CPU
	EndGlobalSection
	GlobalSection(SolutionProperties) = preSolution
		HideSolutionNode = FALSE
	EndGlobalSection
EndGlobal
